
Microsoft Visual Studio Solution File, Format Version 12.00
# Visual Studio Version 17
VisualStudioVersion = 17.13.35828.75
MinimumVisualStudioVersion = 10.0.40219.1
Project("{FAE04EC0-301F-11D3-BF4B-00C04F79EFBC}") = "EcoDive_Integradora", "EcoDive_Integradora.csproj", "{669FCCFA-AE50-4735-AADA-6295B61663EB}"
EndProject
Global
	GlobalSection(SolutionConfigurationPlatforms) = preSolution
		Debug|Any CPU = Debug|Any CPU
		Debug|ARM64 = Debug|ARM64
		Release|Any CPU = Release|Any CPU
		Release|ARM64 = Release|ARM64
	EndGlobalSection
	GlobalSection(ProjectConfigurationPlatforms) = postSolution
		{669FCCFA-AE50-4735-AADA-6295B61663EB}.Debug|Any CPU.ActiveCfg = Debug|Any CPU
		{669FCCFA-AE50-4735-AADA-6295B61663EB}.Debug|Any CPU.Build.0 = Debug|Any CPU
		{669FCCFA-AE50-4735-AADA-6295B61663EB}.Debug|Any CPU.Deploy.0 = Debug|Any CPU
		{669FCCFA-AE50-4735-AADA-6295B61663EB}.Debug|ARM64.ActiveCfg = Debug|ARM64
		{669FCCFA-AE50-4735-AADA-6295B61663EB}.Debug|ARM64.Build.0 = Debug|ARM64
		{669FCCFA-AE50-4735-AADA-6295B61663EB}.Debug|ARM64.Deploy.0 = Debug|ARM64
		{669FCCFA-AE50-4735-AADA-6295B61663EB}.Release|Any CPU.ActiveCfg = Release|Any CPU
		{669FCCFA-AE50-4735-AADA-6295B61663EB}.Release|Any CPU.Build.0 = Release|Any CPU
		{669FCCFA-AE50-4735-AADA-6295B61663EB}.Release|Any CPU.Deploy.0 = Release|Any CPU
		{669FCCFA-AE50-4735-AADA-6295B61663EB}.Release|ARM64.ActiveCfg = Release|ARM64
		{669FCCFA-AE50-4735-AADA-6295B61663EB}.Release|ARM64.Build.0 = Release|ARM64
		{669FCCFA-AE50-4735-AADA-6295B61663EB}.Release|ARM64.Deploy.0 = Release|ARM64
	EndGlobalSection
	GlobalSection(SolutionProperties) = preSolution
		HideSolutionNode = FALSE
	EndGlobalSection
	GlobalSection(ExtensibilityGlobals) = postSolution
		SolutionGuid = {7369B211-F61A-4771-8557-B61DE046ADD7}
	EndGlobalSection
EndGlobal
